
Microsoft Visual Studio Solution File, Format Version 12.00
# Visual Studio 15
VisualStudioVersion = 15.0.28010.2041
MinimumVisualStudioVersion = 10.0.40219.1
Project("{FAE04EC0-301F-11D3-BF4B-00C04F79EFBC}") = "K21-Team4-Upstairs-SISM", "K21-Team4-Upstairs-SISM\K21-Team4-Upstairs-SISM.csproj", "{4D160E49-186D-4DC2-AAC2-E0BC8C441FCA}"
EndProject
Project("{FAE04EC0-301F-11D3-BF4B-00C04F79EFBC}") = "K21-Team4-Upstairs-SISM.Tests", "K21-Team4-Upstairs-SISM.Tests\K21-Team4-Upstairs-SISM.Tests.csproj", "{CA429904-CEDE-4C91-B54E-E3AD4EE37A04}"
EndProject
Project("{FAE04EC0-301F-11D3-BF4B-00C04F79EFBC}") = "IdentificationManagement", "IdentificationManagement\IdentificationManagement.csproj", "{5811DCA5-1E34-42BB-93F5-108E930448BF}"
EndProject
Project("{FAE04EC0-301F-11D3-BF4B-00C04F79EFBC}") = "IdentificationManagement.Tests", "IdentificationManagement.Tests\IdentificationManagement.Tests.csproj", "{9E38598B-6ACC-48CA-B0AE-112947850291}"
EndProject
Project("{FAE04EC0-301F-11D3-BF4B-00C04F79EFBC}") = "Microsoft.Owin.Security.VanLang", "Microsoft.Owin.Security.VanLang\Microsoft.Owin.Security.VanLang.csproj", "{C6685A2C-57DC-47CC-B5C6-88EF535AC8DB}"
EndProject
Global
	GlobalSection(SolutionConfigurationPlatforms) = preSolution
		Debug|Any CPU = Debug|Any CPU
		Release|Any CPU = Release|Any CPU
	EndGlobalSection
	GlobalSection(ProjectConfigurationPlatforms) = postSolution
		{4D160E49-186D-4DC2-AAC2-E0BC8C441FCA}.Debug|Any CPU.ActiveCfg = Debug|Any CPU
		{4D160E49-186D-4DC2-AAC2-E0BC8C441FCA}.Debug|Any CPU.Build.0 = Debug|Any CPU
		{4D160E49-186D-4DC2-AAC2-E0BC8C441FCA}.Release|Any CPU.ActiveCfg = Release|Any CPU
		{4D160E49-186D-4DC2-AAC2-E0BC8C441FCA}.Release|Any CPU.Build.0 = Release|Any CPU
		{CA429904-CEDE-4C91-B54E-E3AD4EE37A04}.Debug|Any CPU.ActiveCfg = Debug|Any CPU
		{CA429904-CEDE-4C91-B54E-E3AD4EE37A04}.Debug|Any CPU.Build.0 = Debug|Any CPU
		{CA429904-CEDE-4C91-B54E-E3AD4EE37A04}.Release|Any CPU.ActiveCfg = Release|Any CPU
		{CA429904-CEDE-4C91-B54E-E3AD4EE37A04}.Release|Any CPU.Build.0 = Release|Any CPU
		{5811DCA5-1E34-42BB-93F5-108E930448BF}.Debug|Any CPU.ActiveCfg = Debug|Any CPU
		{5811DCA5-1E34-42BB-93F5-108E930448BF}.Debug|Any CPU.Build.0 = Debug|Any CPU
		{5811DCA5-1E34-42BB-93F5-108E930448BF}.Release|Any CPU.ActiveCfg = Release|Any CPU
		{5811DCA5-1E34-42BB-93F5-108E930448BF}.Release|Any CPU.Build.0 = Release|Any CPU
		{9E38598B-6ACC-48CA-B0AE-112947850291}.Debug|Any CPU.ActiveCfg = Debug|Any CPU
		{9E38598B-6ACC-48CA-B0AE-112947850291}.Debug|Any CPU.Build.0 = Debug|Any CPU
		{9E38598B-6ACC-48CA-B0AE-112947850291}.Release|Any CPU.ActiveCfg = Release|Any CPU
		{9E38598B-6ACC-48CA-B0AE-112947850291}.Release|Any CPU.Build.0 = Release|Any CPU
		{C6685A2C-57DC-47CC-B5C6-88EF535AC8DB}.Debug|Any CPU.ActiveCfg = Debug|Any CPU
		{C6685A2C-57DC-47CC-B5C6-88EF535AC8DB}.Debug|Any CPU.Build.0 = Debug|Any CPU
		{C6685A2C-57DC-47CC-B5C6-88EF535AC8DB}.Release|Any CPU.ActiveCfg = Release|Any CPU
		{C6685A2C-57DC-47CC-B5C6-88EF535AC8DB}.Release|Any CPU.Build.0 = Release|Any CPU
	EndGlobalSection
	GlobalSection(SolutionProperties) = preSolution
		HideSolutionNode = FALSE
	EndGlobalSection
	GlobalSection(ExtensibilityGlobals) = postSolution
		SolutionGuid = {3E094FA2-F3D6-47B2-953B-7A7012801B99}
	EndGlobalSection
EndGlobal
